
Microsoft Visual Studio Solution File, Format Version 12.00
# Visual Studio Version 17
VisualStudioVersion = 17.13.35825.156 d17.13
MinimumVisualStudioVersion = 10.0.40219.1
Project("{8BC9CEB8-8B4A-11D0-8D11-00A0C91BC942}") = "IsingNoWin", "IsingNoWin.vcxproj", "{EEB9DFBE-19CB-42A1-8D86-D8EAEC19FD25}"
EndProject
Global
	GlobalSection(SolutionConfigurationPlatforms) = preSolution
		Debug|x64 = Debug|x64
		Debug|x86 = Debug|x86
		Release|x64 = Release|x64
		Release|x86 = Release|x86
	EndGlobalSection
	GlobalSection(ProjectConfigurationPlatforms) = postSolution
		{EEB9DFBE-19CB-42A1-8D86-D8EAEC19FD25}.Debug|x64.ActiveCfg = Debug|x64
		{EEB9DFBE-19CB-42A1-8D86-D8EAEC19FD25}.Debug|x64.Build.0 = Debug|x64
		{EEB9DFBE-19CB-42A1-8D86-D8EAEC19FD25}.Debug|x86.ActiveCfg = Debug|Win32
		{EEB9DFBE-19CB-42A1-8D86-D8EAEC19FD25}.Debug|x86.Build.0 = Debug|Win32
		{EEB9DFBE-19CB-42A1-8D86-D8EAEC19FD25}.Release|x64.ActiveCfg = Release|x64
		{EEB9DFBE-19CB-42A1-8D86-D8EAEC19FD25}.Release|x64.Build.0 = Release|x64
		{EEB9DFBE-19CB-42A1-8D86-D8EAEC19FD25}.Release|x86.ActiveCfg = Release|Win32
		{EEB9DFBE-19CB-42A1-8D86-D8EAEC19FD25}.Release|x86.Build.0 = Release|Win32
	EndGlobalSection
	GlobalSection(SolutionProperties) = preSolution
		HideSolutionNode = FALSE
	EndGlobalSection
	GlobalSection(ExtensibilityGlobals) = postSolution
		SolutionGuid = {7FB1B33A-C519-4B96-A6F8-B2A988DDAD48}
	EndGlobalSection
EndGlobal
